
Microsoft Visual Studio Solution File, Format Version 12.00
# Visual Studio Version 16
VisualStudioVersion = 16.0.29025.244
MinimumVisualStudioVersion = 10.0.40219.1
Project("{FAE04EC0-301F-11D3-BF4B-00C04F79EFBC}") = "PasswordPolicyExample", "src\StrategyPolicyExample\StrategyPolicyExample.csproj", "{BCCE5E95-84D5-4BDA-BBF5-C5CEB95BFB2C}"
EndProject
Project("{FAE04EC0-301F-11D3-BF4B-00C04F79EFBC}") = "PasswordPolicyExample.Tests", "tests\StrategyPolicyExample.Tests\StrategyPolicyExample.Tests.csproj", "{59B876CE-83AD-4874-B0F3-6F744C36CD43}"
EndProject
Global
	GlobalSection(SolutionConfigurationPlatforms) = preSolution
		Debug|Any CPU = Debug|Any CPU
		Release|Any CPU = Release|Any CPU
	EndGlobalSection
	GlobalSection(ProjectConfigurationPlatforms) = postSolution
		{BCCE5E95-84D5-4BDA-BBF5-C5CEB95BFB2C}.Debug|Any CPU.ActiveCfg = Debug|Any CPU
		{BCCE5E95-84D5-4BDA-BBF5-C5CEB95BFB2C}.Debug|Any CPU.Build.0 = Debug|Any CPU
		{BCCE5E95-84D5-4BDA-BBF5-C5CEB95BFB2C}.Release|Any CPU.ActiveCfg = Release|Any CPU
		{BCCE5E95-84D5-4BDA-BBF5-C5CEB95BFB2C}.Release|Any CPU.Build.0 = Release|Any CPU
		{59B876CE-83AD-4874-B0F3-6F744C36CD43}.Debug|Any CPU.ActiveCfg = Debug|Any CPU
		{59B876CE-83AD-4874-B0F3-6F744C36CD43}.Debug|Any CPU.Build.0 = Debug|Any CPU
		{59B876CE-83AD-4874-B0F3-6F744C36CD43}.Release|Any CPU.ActiveCfg = Release|Any CPU
		{59B876CE-83AD-4874-B0F3-6F744C36CD43}.Release|Any CPU.Build.0 = Release|Any CPU
	EndGlobalSection
	GlobalSection(SolutionProperties) = preSolution
		HideSolutionNode = FALSE
	EndGlobalSection
	GlobalSection(ExtensibilityGlobals) = postSolution
		SolutionGuid = {7F3FACCF-A8A6-43B2-A762-55D2C6B07D68}
	EndGlobalSection
EndGlobal
